
Microsoft Visual Studio Solution File, Format Version 12.00
# Visual Studio 15
VisualStudioVersion = 15.0.28307.705
MinimumVisualStudioVersion = 10.0.40219.1
Project("{FAE04EC0-301F-11D3-BF4B-00C04F79EFBC}") = "Twilio_Test", "Twilio_Test\Twilio_Test.csproj", "{DC4F6960-7158-4380-8344-D6290FC063BF}"
EndProject
Global
	GlobalSection(SolutionConfigurationPlatforms) = preSolution
		Debug|Any CPU = Debug|Any CPU
		Release|Any CPU = Release|Any CPU
	EndGlobalSection
	GlobalSection(ProjectConfigurationPlatforms) = postSolution
		{DC4F6960-7158-4380-8344-D6290FC063BF}.Debug|Any CPU.ActiveCfg = Debug|Any CPU
		{DC4F6960-7158-4380-8344-D6290FC063BF}.Debug|Any CPU.Build.0 = Debug|Any CPU
		{DC4F6960-7158-4380-8344-D6290FC063BF}.Release|Any CPU.ActiveCfg = Release|Any CPU
		{DC4F6960-7158-4380-8344-D6290FC063BF}.Release|Any CPU.Build.0 = Release|Any CPU
	EndGlobalSection
	GlobalSection(SolutionProperties) = preSolution
		HideSolutionNode = FALSE
	EndGlobalSection
	GlobalSection(ExtensibilityGlobals) = postSolution
		SolutionGuid = {46727033-0178-4281-844F-B88A5FDF7852}
	EndGlobalSection
EndGlobal
